
Microsoft Visual Studio Solution File, Format Version 12.00
# Visual Studio 14
VisualStudioVersion = 14.0.22823.1
MinimumVisualStudioVersion = 10.0.40219.1
Project("{2150E333-8FDC-42A3-9474-1A3956D46DE8}") = "Solution Items", "Solution Items", "{3FCEF23A-1646-4C4C-A66C-EF55FF573FFB}"
	ProjectSection(SolutionItems) = preProject
		global.json = global.json
	EndProjectSection
EndProject
Project("{8BB2217D-0F2D-49D1-97BC-3654ED321F3B}") = "DatabaseInstallerSampleApp", "sample\DatabaseInstallerSampleApp\DatabaseInstallerSampleApp.xproj", "{F116AB07-EC4D-4A17-A49A-87EFDB215AFF}"
EndProject
Project("{2150E333-8FDC-42A3-9474-1A3956D46DE8}") = "src", "src", "{2C550C2B-2F63-4496-8E4F-1FBE468A98B4}"
EndProject
Project("{2150E333-8FDC-42A3-9474-1A3956D46DE8}") = "test", "test", "{9105A91F-E92D-476A-AD09-242AFBD59872}"
EndProject
Project("{8BB2217D-0F2D-49D1-97BC-3654ED321F3B}") = "Rinsen.DatabaseInstaller", "src\Rinsen.DatabaseInstaller\Rinsen.DatabaseInstaller.xproj", "{2FDFA487-E1B3-42BB-B936-860CA55C3304}"
EndProject
Project("{8BB2217D-0F2D-49D1-97BC-3654ED321F3B}") = "Rinsen.DatabaseInstaller.Tests", "test\Rinsen.DatabaseInstaller.Tests\Rinsen.DatabaseInstaller.Tests.xproj", "{06E5E5C5-6DD1-4713-8456-F9F16A4EE574}"
EndProject
Global
	GlobalSection(SolutionConfigurationPlatforms) = preSolution
		Debug|Any CPU = Debug|Any CPU
		Release|Any CPU = Release|Any CPU
	EndGlobalSection
	GlobalSection(ProjectConfigurationPlatforms) = postSolution
		{F116AB07-EC4D-4A17-A49A-87EFDB215AFF}.Debug|Any CPU.ActiveCfg = Debug|Any CPU
		{F116AB07-EC4D-4A17-A49A-87EFDB215AFF}.Debug|Any CPU.Build.0 = Debug|Any CPU
		{F116AB07-EC4D-4A17-A49A-87EFDB215AFF}.Release|Any CPU.ActiveCfg = Release|Any CPU
		{F116AB07-EC4D-4A17-A49A-87EFDB215AFF}.Release|Any CPU.Build.0 = Release|Any CPU
		{2FDFA487-E1B3-42BB-B936-860CA55C3304}.Debug|Any CPU.ActiveCfg = Debug|Any CPU
		{2FDFA487-E1B3-42BB-B936-860CA55C3304}.Debug|Any CPU.Build.0 = Debug|Any CPU
		{2FDFA487-E1B3-42BB-B936-860CA55C3304}.Release|Any CPU.ActiveCfg = Release|Any CPU
		{2FDFA487-E1B3-42BB-B936-860CA55C3304}.Release|Any CPU.Build.0 = Release|Any CPU
		{06E5E5C5-6DD1-4713-8456-F9F16A4EE574}.Debug|Any CPU.ActiveCfg = Debug|Any CPU
		{06E5E5C5-6DD1-4713-8456-F9F16A4EE574}.Debug|Any CPU.Build.0 = Debug|Any CPU
		{06E5E5C5-6DD1-4713-8456-F9F16A4EE574}.Release|Any CPU.ActiveCfg = Release|Any CPU
		{06E5E5C5-6DD1-4713-8456-F9F16A4EE574}.Release|Any CPU.Build.0 = Release|Any CPU
	EndGlobalSection
	GlobalSection(SolutionProperties) = preSolution
		HideSolutionNode = FALSE
	EndGlobalSection
	GlobalSection(NestedProjects) = preSolution
		{2FDFA487-E1B3-42BB-B936-860CA55C3304} = {2C550C2B-2F63-4496-8E4F-1FBE468A98B4}
		{06E5E5C5-6DD1-4713-8456-F9F16A4EE574} = {9105A91F-E92D-476A-AD09-242AFBD59872}
	EndGlobalSection
EndGlobal
