
Microsoft Visual Studio Solution File, Format Version 12.00
# Visual Studio Version 16
VisualStudioVersion = 16.0.29201.188
MinimumVisualStudioVersion = 10.0.40219.1
Project("{2150E333-8FDC-42A3-9474-1A3956D46DE8}") = "Solution Items", "Solution Items", "{3FCEF23A-1646-4C4C-A66C-EF55FF573FFB}"
	ProjectSection(SolutionItems) = preProject
		.editorconfig = .editorconfig
		global.json = global.json
		LICENSE = LICENSE
		README.md = README.md
	EndProjectSection
EndProject
Project("{2150E333-8FDC-42A3-9474-1A3956D46DE8}") = "src", "src", "{2C550C2B-2F63-4496-8E4F-1FBE468A98B4}"
EndProject
Project("{2150E333-8FDC-42A3-9474-1A3956D46DE8}") = "test", "test", "{9105A91F-E92D-476A-AD09-242AFBD59872}"
EndProject
Project("{2150E333-8FDC-42A3-9474-1A3956D46DE8}") = "sample", "sample", "{85B2137B-348B-44D7-AB81-C5CD716B2BB7}"
EndProject
Project("{9A19103F-16F7-4668-BE54-9A1E7A4F7556}") = "Rinsen.DatabaseInstaller", "src\Rinsen.DatabaseInstaller\Rinsen.DatabaseInstaller.csproj", "{64426E73-421D-46D5-A4CA-2F47EAE56A7D}"
EndProject
Project("{9A19103F-16F7-4668-BE54-9A1E7A4F7556}") = "Rinsen.DatabaseInstaller.Tests", "test\Rinsen.DatabaseInstaller.Tests\Rinsen.DatabaseInstaller.Tests.csproj", "{90931FDE-A798-4F0D-96E2-0A821C65BF43}"
EndProject
Project("{9A19103F-16F7-4668-BE54-9A1E7A4F7556}") = "InstallationSampleConsoleApp", "sample\InstallationSampleConsoleApp\InstallationSampleConsoleApp.csproj", "{0F4AB315-14ED-47BA-B767-2F4D3BEF211A}"
EndProject
Global
	GlobalSection(SolutionConfigurationPlatforms) = preSolution
		Debug|Any CPU = Debug|Any CPU
		Debug|x64 = Debug|x64
		Debug|x86 = Debug|x86
		Release|Any CPU = Release|Any CPU
		Release|x64 = Release|x64
		Release|x86 = Release|x86
	EndGlobalSection
	GlobalSection(ProjectConfigurationPlatforms) = postSolution
		{64426E73-421D-46D5-A4CA-2F47EAE56A7D}.Debug|Any CPU.ActiveCfg = Debug|Any CPU
		{64426E73-421D-46D5-A4CA-2F47EAE56A7D}.Debug|Any CPU.Build.0 = Debug|Any CPU
		{64426E73-421D-46D5-A4CA-2F47EAE56A7D}.Debug|x64.ActiveCfg = Debug|Any CPU
		{64426E73-421D-46D5-A4CA-2F47EAE56A7D}.Debug|x64.Build.0 = Debug|Any CPU
		{64426E73-421D-46D5-A4CA-2F47EAE56A7D}.Debug|x86.ActiveCfg = Debug|Any CPU
		{64426E73-421D-46D5-A4CA-2F47EAE56A7D}.Debug|x86.Build.0 = Debug|Any CPU
		{64426E73-421D-46D5-A4CA-2F47EAE56A7D}.Release|Any CPU.ActiveCfg = Release|Any CPU
		{64426E73-421D-46D5-A4CA-2F47EAE56A7D}.Release|Any CPU.Build.0 = Release|Any CPU
		{64426E73-421D-46D5-A4CA-2F47EAE56A7D}.Release|x64.ActiveCfg = Release|Any CPU
		{64426E73-421D-46D5-A4CA-2F47EAE56A7D}.Release|x64.Build.0 = Release|Any CPU
		{64426E73-421D-46D5-A4CA-2F47EAE56A7D}.Release|x86.ActiveCfg = Release|Any CPU
		{64426E73-421D-46D5-A4CA-2F47EAE56A7D}.Release|x86.Build.0 = Release|Any CPU
		{90931FDE-A798-4F0D-96E2-0A821C65BF43}.Debug|Any CPU.ActiveCfg = Debug|Any CPU
		{90931FDE-A798-4F0D-96E2-0A821C65BF43}.Debug|Any CPU.Build.0 = Debug|Any CPU
		{90931FDE-A798-4F0D-96E2-0A821C65BF43}.Debug|x64.ActiveCfg = Debug|Any CPU
		{90931FDE-A798-4F0D-96E2-0A821C65BF43}.Debug|x64.Build.0 = Debug|Any CPU
		{90931FDE-A798-4F0D-96E2-0A821C65BF43}.Debug|x86.ActiveCfg = Debug|Any CPU
		{90931FDE-A798-4F0D-96E2-0A821C65BF43}.Debug|x86.Build.0 = Debug|Any CPU
		{90931FDE-A798-4F0D-96E2-0A821C65BF43}.Release|Any CPU.ActiveCfg = Release|Any CPU
		{90931FDE-A798-4F0D-96E2-0A821C65BF43}.Release|Any CPU.Build.0 = Release|Any CPU
		{90931FDE-A798-4F0D-96E2-0A821C65BF43}.Release|x64.ActiveCfg = Release|Any CPU
		{90931FDE-A798-4F0D-96E2-0A821C65BF43}.Release|x64.Build.0 = Release|Any CPU
		{90931FDE-A798-4F0D-96E2-0A821C65BF43}.Release|x86.ActiveCfg = Release|Any CPU
		{90931FDE-A798-4F0D-96E2-0A821C65BF43}.Release|x86.Build.0 = Release|Any CPU
		{0F4AB315-14ED-47BA-B767-2F4D3BEF211A}.Debug|Any CPU.ActiveCfg = Debug|Any CPU
		{0F4AB315-14ED-47BA-B767-2F4D3BEF211A}.Debug|Any CPU.Build.0 = Debug|Any CPU
		{0F4AB315-14ED-47BA-B767-2F4D3BEF211A}.Debug|x64.ActiveCfg = Debug|Any CPU
		{0F4AB315-14ED-47BA-B767-2F4D3BEF211A}.Debug|x64.Build.0 = Debug|Any CPU
		{0F4AB315-14ED-47BA-B767-2F4D3BEF211A}.Debug|x86.ActiveCfg = Debug|Any CPU
		{0F4AB315-14ED-47BA-B767-2F4D3BEF211A}.Debug|x86.Build.0 = Debug|Any CPU
		{0F4AB315-14ED-47BA-B767-2F4D3BEF211A}.Release|Any CPU.ActiveCfg = Release|Any CPU
		{0F4AB315-14ED-47BA-B767-2F4D3BEF211A}.Release|Any CPU.Build.0 = Release|Any CPU
		{0F4AB315-14ED-47BA-B767-2F4D3BEF211A}.Release|x64.ActiveCfg = Release|Any CPU
		{0F4AB315-14ED-47BA-B767-2F4D3BEF211A}.Release|x64.Build.0 = Release|Any CPU
		{0F4AB315-14ED-47BA-B767-2F4D3BEF211A}.Release|x86.ActiveCfg = Release|Any CPU
		{0F4AB315-14ED-47BA-B767-2F4D3BEF211A}.Release|x86.Build.0 = Release|Any CPU
	EndGlobalSection
	GlobalSection(SolutionProperties) = preSolution
		HideSolutionNode = FALSE
	EndGlobalSection
	GlobalSection(NestedProjects) = preSolution
		{64426E73-421D-46D5-A4CA-2F47EAE56A7D} = {2C550C2B-2F63-4496-8E4F-1FBE468A98B4}
		{90931FDE-A798-4F0D-96E2-0A821C65BF43} = {9105A91F-E92D-476A-AD09-242AFBD59872}
		{0F4AB315-14ED-47BA-B767-2F4D3BEF211A} = {85B2137B-348B-44D7-AB81-C5CD716B2BB7}
	EndGlobalSection
	GlobalSection(ExtensibilityGlobals) = postSolution
		SolutionGuid = {9AD696EE-1053-491B-9C2A-B332EE58D583}
	EndGlobalSection
EndGlobal
